
Microsoft Visual Studio Solution File, Format Version 12.00
# Visual Studio Version 16
VisualStudioVersion = 16.0.31129.286
MinimumVisualStudioVersion = 10.0.40219.1
Project("{FAE04EC0-301F-11D3-BF4B-00C04F79EFBC}") = "IpekThoshEmlak.Web", "IpekThoshEmlak.Web\IpekThoshEmlak.Web.csproj", "{1B42D363-C6B4-41C5-A7E6-1E4F2A31BBB3}"
EndProject
Project("{FAE04EC0-301F-11D3-BF4B-00C04F79EFBC}") = "IpekThoshEmlak.Core", "IpekThoshEmlak.Core\IpekThoshEmlak.Core.csproj", "{DE41DAE8-3028-4ACA-9B6C-01F9649C932A}"
EndProject
Project("{FAE04EC0-301F-11D3-BF4B-00C04F79EFBC}") = "IpekThoshEmlak.Web.Api", "IpekThoshEmlak.Web.Api\IpekThoshEmlak.Web.Api.csproj", "{B1D7FA40-21F9-4B9B-8216-9CEAD04729FA}"
EndProject
Global
	GlobalSection(SolutionConfigurationPlatforms) = preSolution
		Debug|Any CPU = Debug|Any CPU
		Release|Any CPU = Release|Any CPU
	EndGlobalSection
	GlobalSection(ProjectConfigurationPlatforms) = postSolution
		{1B42D363-C6B4-41C5-A7E6-1E4F2A31BBB3}.Debug|Any CPU.ActiveCfg = Debug|Any CPU
		{1B42D363-C6B4-41C5-A7E6-1E4F2A31BBB3}.Debug|Any CPU.Build.0 = Debug|Any CPU
		{1B42D363-C6B4-41C5-A7E6-1E4F2A31BBB3}.Release|Any CPU.ActiveCfg = Release|Any CPU
		{1B42D363-C6B4-41C5-A7E6-1E4F2A31BBB3}.Release|Any CPU.Build.0 = Release|Any CPU
		{DE41DAE8-3028-4ACA-9B6C-01F9649C932A}.Debug|Any CPU.ActiveCfg = Debug|Any CPU
		{DE41DAE8-3028-4ACA-9B6C-01F9649C932A}.Debug|Any CPU.Build.0 = Debug|Any CPU
		{DE41DAE8-3028-4ACA-9B6C-01F9649C932A}.Release|Any CPU.ActiveCfg = Release|Any CPU
		{DE41DAE8-3028-4ACA-9B6C-01F9649C932A}.Release|Any CPU.Build.0 = Release|Any CPU
		{B1D7FA40-21F9-4B9B-8216-9CEAD04729FA}.Debug|Any CPU.ActiveCfg = Debug|Any CPU
		{B1D7FA40-21F9-4B9B-8216-9CEAD04729FA}.Debug|Any CPU.Build.0 = Debug|Any CPU
		{B1D7FA40-21F9-4B9B-8216-9CEAD04729FA}.Release|Any CPU.ActiveCfg = Release|Any CPU
		{B1D7FA40-21F9-4B9B-8216-9CEAD04729FA}.Release|Any CPU.Build.0 = Release|Any CPU
	EndGlobalSection
	GlobalSection(SolutionProperties) = preSolution
		HideSolutionNode = FALSE
	EndGlobalSection
	GlobalSection(ExtensibilityGlobals) = postSolution
		SolutionGuid = {627D298B-6C73-4AB8-A943-4E4AACB0E981}
	EndGlobalSection
EndGlobal
